
Microsoft Visual Studio Solution File, Format Version 12.00
# Visual Studio Version 17
VisualStudioVersion = 17.6.33815.320
MinimumVisualStudioVersion = 10.0.40219.1
Project("{FAE04EC0-301F-11D3-BF4B-00C04F79EFBC}") = "SistemaCadastro", "SistemaCadastro\SistemaCadastro.csproj", "{661846D6-D3FF-4A68-89E1-AC056D07414A}"
EndProject
Global
	GlobalSection(SolutionConfigurationPlatforms) = preSolution
		Debug|Any CPU = Debug|Any CPU
		Release|Any CPU = Release|Any CPU
	EndGlobalSection
	GlobalSection(ProjectConfigurationPlatforms) = postSolution
		{661846D6-D3FF-4A68-89E1-AC056D07414A}.Debug|Any CPU.ActiveCfg = Debug|Any CPU
		{661846D6-D3FF-4A68-89E1-AC056D07414A}.Debug|Any CPU.Build.0 = Debug|Any CPU
		{661846D6-D3FF-4A68-89E1-AC056D07414A}.Release|Any CPU.ActiveCfg = Release|Any CPU
		{661846D6-D3FF-4A68-89E1-AC056D07414A}.Release|Any CPU.Build.0 = Release|Any CPU
	EndGlobalSection
	GlobalSection(SolutionProperties) = preSolution
		HideSolutionNode = FALSE
	EndGlobalSection
	GlobalSection(ExtensibilityGlobals) = postSolution
		SolutionGuid = {234019D1-5BC0-4DE5-96FB-4D8738406801}
	EndGlobalSection
EndGlobal
